
Microsoft Visual Studio Solution File, Format Version 12.00
# Visual Studio Version 17
VisualStudioVersion = 17.0.31919.166
MinimumVisualStudioVersion = 10.0.40219.1
Project("{8BC9CEB8-8B4A-11D0-8D11-00A0C91BC942}") = "L13_1 Kalyshev", "L13_1 Kalyshev\L13_1 Kalyshev.vcxproj", "{B286B413-D03F-4A05-ADC6-86D6A6B556D9}"
EndProject
Project("{8BC9CEB8-8B4A-11D0-8D11-00A0C91BC942}") = "L13_2 Kalyshev", "L13_2 Kalyshev\L13_2 Kalyshev.vcxproj", "{9956DDA1-8E09-46A8-95E8-7AA7E4A11B1E}"
EndProject
Project("{8BC9CEB8-8B4A-11D0-8D11-00A0C91BC942}") = "L13_3 Kalyshev", "L13_3 Kalyshev\L13_3 Kalyshev.vcxproj", "{BDB9E54C-6B43-400C-99A3-A1F3B91DDEE5}"
EndProject
Project("{8BC9CEB8-8B4A-11D0-8D11-00A0C91BC942}") = "L13_4 Kalyshev", "L13_4 Kalyshev\L13_4 Kalyshev.vcxproj", "{0CD43BF1-E4D7-4FEB-8C22-516B66D78E64}"
EndProject
Project("{8BC9CEB8-8B4A-11D0-8D11-00A0C91BC942}") = "L13_5 Kalyshev", "L13_5 Kalyshev\L13_5 Kalyshev.vcxproj", "{A23895FA-397E-456B-8A6B-09A41A4276C8}"
EndProject
Project("{8BC9CEB8-8B4A-11D0-8D11-00A0C91BC942}") = "L13_6 Kalyshev", "L13_6 Kalyshev\L13_6 Kalyshev.vcxproj", "{6A0FD734-4163-4EB8-B8AA-976C3BE1666B}"
EndProject
Project("{8BC9CEB8-8B4A-11D0-8D11-00A0C91BC942}") = "L13_8 Kalyshev", "L13_8 Kalyshev\L13_8 Kalyshev.vcxproj", "{931A76E7-D096-44A5-B1F5-E8FF6FD52F7E}"
EndProject
Project("{8BC9CEB8-8B4A-11D0-8D11-00A0C91BC942}") = "L13_9 Kalyshev", "L13_9 Kalyshev\L13_9 Kalyshev.vcxproj", "{5FD9E927-25E1-4281-8D87-70429AABFE01}"
EndProject
Project("{8BC9CEB8-8B4A-11D0-8D11-00A0C91BC942}") = "L13_7 Kalyshev", "L13_7 Kalyshev\L13_7 Kalyshev.vcxproj", "{2FBBC86B-865D-4399-972D-8456C7A8305A}"
EndProject
Project("{8BC9CEB8-8B4A-11D0-8D11-00A0C91BC942}") = "L13_DZ1 Kalyshev", "L13_DZ1 Kalyshev\L13_DZ1 Kalyshev.vcxproj", "{E943AAC6-B32C-4622-99BF-E072CC11857D}"
EndProject
Project("{8BC9CEB8-8B4A-11D0-8D11-00A0C91BC942}") = "L13_DZ2 Kalyshev", "L13_DZ2 Kalyshev\L13_DZ2 Kalyshev.vcxproj", "{78868562-032A-4EFC-B825-50006E17A1EC}"
EndProject
Project("{8BC9CEB8-8B4A-11D0-8D11-00A0C91BC942}") = "L13_DZ3 Kalyshev", "L13_DZ3 Kalyshev\L13_DZ3 Kalyshev.vcxproj", "{C81E7A7C-C4B1-4C5C-94EB-C2105346F9EF}"
EndProject
Global
	GlobalSection(SolutionConfigurationPlatforms) = preSolution
		Debug|x64 = Debug|x64
		Debug|x86 = Debug|x86
		Release|x64 = Release|x64
		Release|x86 = Release|x86
	EndGlobalSection
	GlobalSection(ProjectConfigurationPlatforms) = postSolution
		{B286B413-D03F-4A05-ADC6-86D6A6B556D9}.Debug|x64.ActiveCfg = Debug|x64
		{B286B413-D03F-4A05-ADC6-86D6A6B556D9}.Debug|x64.Build.0 = Debug|x64
		{B286B413-D03F-4A05-ADC6-86D6A6B556D9}.Debug|x86.ActiveCfg = Debug|Win32
		{B286B413-D03F-4A05-ADC6-86D6A6B556D9}.Debug|x86.Build.0 = Debug|Win32
		{B286B413-D03F-4A05-ADC6-86D6A6B556D9}.Release|x64.ActiveCfg = Release|x64
		{B286B413-D03F-4A05-ADC6-86D6A6B556D9}.Release|x64.Build.0 = Release|x64
		{B286B413-D03F-4A05-ADC6-86D6A6B556D9}.Release|x86.ActiveCfg = Release|Win32
		{B286B413-D03F-4A05-ADC6-86D6A6B556D9}.Release|x86.Build.0 = Release|Win32
		{9956DDA1-8E09-46A8-95E8-7AA7E4A11B1E}.Debug|x64.ActiveCfg = Debug|x64
		{9956DDA1-8E09-46A8-95E8-7AA7E4A11B1E}.Debug|x64.Build.0 = Debug|x64
		{9956DDA1-8E09-46A8-95E8-7AA7E4A11B1E}.Debug|x86.ActiveCfg = Debug|Win32
		{9956DDA1-8E09-46A8-95E8-7AA7E4A11B1E}.Debug|x86.Build.0 = Debug|Win32
		{9956DDA1-8E09-46A8-95E8-7AA7E4A11B1E}.Release|x64.ActiveCfg = Release|x64
		{9956DDA1-8E09-46A8-95E8-7AA7E4A11B1E}.Release|x64.Build.0 = Release|x64
		{9956DDA1-8E09-46A8-95E8-7AA7E4A11B1E}.Release|x86.ActiveCfg = Release|Win32
		{9956DDA1-8E09-46A8-95E8-7AA7E4A11B1E}.Release|x86.Build.0 = Release|Win32
		{BDB9E54C-6B43-400C-99A3-A1F3B91DDEE5}.Debug|x64.ActiveCfg = Debug|x64
		{BDB9E54C-6B43-400C-99A3-A1F3B91DDEE5}.Debug|x64.Build.0 = Debug|x64
		{BDB9E54C-6B43-400C-99A3-A1F3B91DDEE5}.Debug|x86.ActiveCfg = Debug|Win32
		{BDB9E54C-6B43-400C-99A3-A1F3B91DDEE5}.Debug|x86.Build.0 = Debug|Win32
		{BDB9E54C-6B43-400C-99A3-A1F3B91DDEE5}.Release|x64.ActiveCfg = Release|x64
		{BDB9E54C-6B43-400C-99A3-A1F3B91DDEE5}.Release|x64.Build.0 = Release|x64
		{BDB9E54C-6B43-400C-99A3-A1F3B91DDEE5}.Release|x86.ActiveCfg = Release|Win32
		{BDB9E54C-6B43-400C-99A3-A1F3B91DDEE5}.Release|x86.Build.0 = Release|Win32
		{0CD43BF1-E4D7-4FEB-8C22-516B66D78E64}.Debug|x64.ActiveCfg = Debug|x64
		{0CD43BF1-E4D7-4FEB-8C22-516B66D78E64}.Debug|x64.Build.0 = Debug|x64
		{0CD43BF1-E4D7-4FEB-8C22-516B66D78E64}.Debug|x86.ActiveCfg = Debug|Win32
		{0CD43BF1-E4D7-4FEB-8C22-516B66D78E64}.Debug|x86.Build.0 = Debug|Win32
		{0CD43BF1-E4D7-4FEB-8C22-516B66D78E64}.Release|x64.ActiveCfg = Release|x64
		{0CD43BF1-E4D7-4FEB-8C22-516B66D78E64}.Release|x64.Build.0 = Release|x64
		{0CD43BF1-E4D7-4FEB-8C22-516B66D78E64}.Release|x86.ActiveCfg = Release|Win32
		{0CD43BF1-E4D7-4FEB-8C22-516B66D78E64}.Release|x86.Build.0 = Release|Win32
		{A23895FA-397E-456B-8A6B-09A41A4276C8}.Debug|x64.ActiveCfg = Debug|x64
		{A23895FA-397E-456B-8A6B-09A41A4276C8}.Debug|x64.Build.0 = Debug|x64
		{A23895FA-397E-456B-8A6B-09A41A4276C8}.Debug|x86.ActiveCfg = Debug|Win32
		{A23895FA-397E-456B-8A6B-09A41A4276C8}.Debug|x86.Build.0 = Debug|Win32
		{A23895FA-397E-456B-8A6B-09A41A4276C8}.Release|x64.ActiveCfg = Release|x64
		{A23895FA-397E-456B-8A6B-09A41A4276C8}.Release|x64.Build.0 = Release|x64
		{A23895FA-397E-456B-8A6B-09A41A4276C8}.Release|x86.ActiveCfg = Release|Win32
		{A23895FA-397E-456B-8A6B-09A41A4276C8}.Release|x86.Build.0 = Release|Win32
		{6A0FD734-4163-4EB8-B8AA-976C3BE1666B}.Debug|x64.ActiveCfg = Debug|x64
		{6A0FD734-4163-4EB8-B8AA-976C3BE1666B}.Debug|x64.Build.0 = Debug|x64
		{6A0FD734-4163-4EB8-B8AA-976C3BE1666B}.Debug|x86.ActiveCfg = Debug|Win32
		{6A0FD734-4163-4EB8-B8AA-976C3BE1666B}.Debug|x86.Build.0 = Debug|Win32
		{6A0FD734-4163-4EB8-B8AA-976C3BE1666B}.Release|x64.ActiveCfg = Release|x64
		{6A0FD734-4163-4EB8-B8AA-976C3BE1666B}.Release|x64.Build.0 = Release|x64
		{6A0FD734-4163-4EB8-B8AA-976C3BE1666B}.Release|x86.ActiveCfg = Release|Win32
		{6A0FD734-4163-4EB8-B8AA-976C3BE1666B}.Release|x86.Build.0 = Release|Win32
		{931A76E7-D096-44A5-B1F5-E8FF6FD52F7E}.Debug|x64.ActiveCfg = Debug|x64
		{931A76E7-D096-44A5-B1F5-E8FF6FD52F7E}.Debug|x64.Build.0 = Debug|x64
		{931A76E7-D096-44A5-B1F5-E8FF6FD52F7E}.Debug|x86.ActiveCfg = Debug|Win32
		{931A76E7-D096-44A5-B1F5-E8FF6FD52F7E}.Debug|x86.Build.0 = Debug|Win32
		{931A76E7-D096-44A5-B1F5-E8FF6FD52F7E}.Release|x64.ActiveCfg = Release|x64
		{931A76E7-D096-44A5-B1F5-E8FF6FD52F7E}.Release|x64.Build.0 = Release|x64
		{931A76E7-D096-44A5-B1F5-E8FF6FD52F7E}.Release|x86.ActiveCfg = Release|Win32
		{931A76E7-D096-44A5-B1F5-E8FF6FD52F7E}.Release|x86.Build.0 = Release|Win32
		{5FD9E927-25E1-4281-8D87-70429AABFE01}.Debug|x64.ActiveCfg = Debug|x64
		{5FD9E927-25E1-4281-8D87-70429AABFE01}.Debug|x64.Build.0 = Debug|x64
		{5FD9E927-25E1-4281-8D87-70429AABFE01}.Debug|x86.ActiveCfg = Debug|Win32
		{5FD9E927-25E1-4281-8D87-70429AABFE01}.Debug|x86.Build.0 = Debug|Win32
		{5FD9E927-25E1-4281-8D87-70429AABFE01}.Release|x64.ActiveCfg = Release|x64
		{5FD9E927-25E1-4281-8D87-70429AABFE01}.Release|x64.Build.0 = Release|x64
		{5FD9E927-25E1-4281-8D87-70429AABFE01}.Release|x86.ActiveCfg = Release|Win32
		{5FD9E927-25E1-4281-8D87-70429AABFE01}.Release|x86.Build.0 = Release|Win32
		{2FBBC86B-865D-4399-972D-8456C7A8305A}.Debug|x64.ActiveCfg = Debug|x64
		{2FBBC86B-865D-4399-972D-8456C7A8305A}.Debug|x64.Build.0 = Debug|x64
		{2FBBC86B-865D-4399-972D-8456C7A8305A}.Debug|x86.ActiveCfg = Debug|Win32
		{2FBBC86B-865D-4399-972D-8456C7A8305A}.Debug|x86.Build.0 = Debug|Win32
		{2FBBC86B-865D-4399-972D-8456C7A8305A}.Release|x64.ActiveCfg = Release|x64
		{2FBBC86B-865D-4399-972D-8456C7A8305A}.Release|x64.Build.0 = Release|x64
		{2FBBC86B-865D-4399-972D-8456C7A8305A}.Release|x86.ActiveCfg = Release|Win32
		{2FBBC86B-865D-4399-972D-8456C7A8305A}.Release|x86.Build.0 = Release|Win32
		{E943AAC6-B32C-4622-99BF-E072CC11857D}.Debug|x64.ActiveCfg = Debug|x64
		{E943AAC6-B32C-4622-99BF-E072CC11857D}.Debug|x64.Build.0 = Debug|x64
		{E943AAC6-B32C-4622-99BF-E072CC11857D}.Debug|x86.ActiveCfg = Debug|Win32
		{E943AAC6-B32C-4622-99BF-E072CC11857D}.Debug|x86.Build.0 = Debug|Win32
		{E943AAC6-B32C-4622-99BF-E072CC11857D}.Release|x64.ActiveCfg = Release|x64
		{E943AAC6-B32C-4622-99BF-E072CC11857D}.Release|x64.Build.0 = Release|x64
		{E943AAC6-B32C-4622-99BF-E072CC11857D}.Release|x86.ActiveCfg = Release|Win32
		{E943AAC6-B32C-4622-99BF-E072CC11857D}.Release|x86.Build.0 = Release|Win32
		{78868562-032A-4EFC-B825-50006E17A1EC}.Debug|x64.ActiveCfg = Debug|x64
		{78868562-032A-4EFC-B825-50006E17A1EC}.Debug|x64.Build.0 = Debug|x64
		{78868562-032A-4EFC-B825-50006E17A1EC}.Debug|x86.ActiveCfg = Debug|Win32
		{78868562-032A-4EFC-B825-50006E17A1EC}.Debug|x86.Build.0 = Debug|Win32
		{78868562-032A-4EFC-B825-50006E17A1EC}.Release|x64.ActiveCfg = Release|x64
		{78868562-032A-4EFC-B825-50006E17A1EC}.Release|x64.Build.0 = Release|x64
		{78868562-032A-4EFC-B825-50006E17A1EC}.Release|x86.ActiveCfg = Release|Win32
		{78868562-032A-4EFC-B825-50006E17A1EC}.Release|x86.Build.0 = Release|Win32
		{C81E7A7C-C4B1-4C5C-94EB-C2105346F9EF}.Debug|x64.ActiveCfg = Debug|x64
		{C81E7A7C-C4B1-4C5C-94EB-C2105346F9EF}.Debug|x64.Build.0 = Debug|x64
		{C81E7A7C-C4B1-4C5C-94EB-C2105346F9EF}.Debug|x86.ActiveCfg = Debug|Win32
		{C81E7A7C-C4B1-4C5C-94EB-C2105346F9EF}.Debug|x86.Build.0 = Debug|Win32
		{C81E7A7C-C4B1-4C5C-94EB-C2105346F9EF}.Release|x64.ActiveCfg = Release|x64
		{C81E7A7C-C4B1-4C5C-94EB-C2105346F9EF}.Release|x64.Build.0 = Release|x64
		{C81E7A7C-C4B1-4C5C-94EB-C2105346F9EF}.Release|x86.ActiveCfg = Release|Win32
		{C81E7A7C-C4B1-4C5C-94EB-C2105346F9EF}.Release|x86.Build.0 = Release|Win32
	EndGlobalSection
	GlobalSection(SolutionProperties) = preSolution
		HideSolutionNode = FALSE
	EndGlobalSection
	GlobalSection(ExtensibilityGlobals) = postSolution
		SolutionGuid = {923D9548-0C57-454A-8979-77135C67CAD6}
	EndGlobalSection
EndGlobal
